
Microsoft Visual Studio Solution File, Format Version 12.00
# Visual Studio Version 17
VisualStudioVersion = 17.0.32014.148
MinimumVisualStudioVersion = 10.0.40219.1
Project("{8BC9CEB8-8B4A-11D0-8D11-00A0C91BC942}") = "displib", "displib\displib.vcxproj", "{BF671126-3183-4804-874F-DAA7DB090CAB}"
EndProject
Project("{8BC9CEB8-8B4A-11D0-8D11-00A0C91BC942}") = "metaballs", "metaballs\metaballs.vcxproj", "{56AC86DA-EB11-4627-B512-B16F25DE50A6}"
EndProject
Project("{8BC9CEB8-8B4A-11D0-8D11-00A0C91BC942}") = "growingCircles", "growingCircles\growingCircles.vcxproj", "{D10C049D-7A53-42ED-9E59-6D9B34B7CE71}"
EndProject
Project("{8BC9CEB8-8B4A-11D0-8D11-00A0C91BC942}") = "voronoi", "voronoi\voronoi.vcxproj", "{DF0330F6-14D7-4B03-AAEF-69EC6BCE836F}"
EndProject
Project("{8BC9CEB8-8B4A-11D0-8D11-00A0C91BC942}") = "bezierCurves", "bezierCurves\bezierCurves.vcxproj", "{A0FD5036-D374-4E25-9922-3169B4528AC0}"
EndProject
Project("{8BC9CEB8-8B4A-11D0-8D11-00A0C91BC942}") = "lightSim", "lightSim\lightSim.vcxproj", "{50396E20-8BBC-4C58-B2B4-03593D505607}"
EndProject
Project("{8BC9CEB8-8B4A-11D0-8D11-00A0C91BC942}") = "softbody2d", "softbody2d\softbody2d.vcxproj", "{F825BC11-C424-421E-BC67-2A14E9185DE8}"
EndProject
Project("{8BC9CEB8-8B4A-11D0-8D11-00A0C91BC942}") = "softbody3d", "softbody3d\softbody3d.vcxproj", "{D5C9FC86-B555-4A55-935F-A0B692BCCDC2}"
EndProject
Project("{8BC9CEB8-8B4A-11D0-8D11-00A0C91BC942}") = "sandSim", "sandSim\sandSim.vcxproj", "{59FCCD68-EA2F-4B91-BC24-B5AF25C81131}"
EndProject
Project("{8BC9CEB8-8B4A-11D0-8D11-00A0C91BC942}") = "raycaster", "raycaster\raycaster.vcxproj", "{F63AE8C9-1F17-43B3-88B4-E93B1DAA6A2E}"
EndProject
Project("{8BC9CEB8-8B4A-11D0-8D11-00A0C91BC942}") = "raymarching2d", "raymarching2d\raymarching2d.vcxproj", "{5D7AC257-9C01-428B-8BB6-C35F401127EB}"
EndProject
Project("{8BC9CEB8-8B4A-11D0-8D11-00A0C91BC942}") = "raytracer", "raytracer\raytracer.vcxproj", "{8F090473-9C4F-43FE-B8B5-29E94E20BCE6}"
EndProject
Project("{8BC9CEB8-8B4A-11D0-8D11-00A0C91BC942}") = "polygonClipping", "polygonClipping\polygonClipping.vcxproj", "{66F8A6FD-A94B-425C-B56C-C2973C6B7C06}"
EndProject
Project("{8BC9CEB8-8B4A-11D0-8D11-00A0C91BC942}") = "fireworks", "fireworks\fireworks.vcxproj", "{F88CD3B6-E139-4E8A-9CD9-28DEF5FFB7CA}"
EndProject
Project("{8BC9CEB8-8B4A-11D0-8D11-00A0C91BC942}") = "minesweeper", "minesweeper\minesweeper.vcxproj", "{475A366A-F3D0-4672-BFE0-C8F3E985609D}"
EndProject
Project("{8BC9CEB8-8B4A-11D0-8D11-00A0C91BC942}") = "particleCollisions", "particleCollisions\particleCollisions.vcxproj", "{893A5C72-9326-4E42-A276-8B9C3D7A4A33}"
EndProject
Project("{8BC9CEB8-8B4A-11D0-8D11-00A0C91BC942}") = "asteroids", "asteroids\asteroids.vcxproj", "{6AF9B4D0-1A27-4E9A-BE38-13B7392CECBA}"
EndProject
Project("{8BC9CEB8-8B4A-11D0-8D11-00A0C91BC942}") = "fluidSim", "fluidSim\fluidSim.vcxproj", "{EF2561D7-C6A1-4C3C-9341-02AE2120E0DA}"
EndProject
Project("{8BC9CEB8-8B4A-11D0-8D11-00A0C91BC942}") = "particleSystem", "particleSystem\particleSystem.vcxproj", "{3D6A8EFC-4D9E-4EA6-999D-CA6BCB99C1F7}"
EndProject
Project("{8BC9CEB8-8B4A-11D0-8D11-00A0C91BC942}") = "lissajousCurveTable", "lissajousCurveTable\lissajousCurveTable.vcxproj", "{2DE84BA0-8614-4C46-9403-94EE024D46F4}"
EndProject
Project("{8BC9CEB8-8B4A-11D0-8D11-00A0C91BC942}") = "3DTest", "3DTest\3DTest.vcxproj", "{CD491779-2B98-4C49-A352-805B53B0E1D1}"
EndProject
Project("{8BC9CEB8-8B4A-11D0-8D11-00A0C91BC942}") = "marchingCubes", "marchingCubes\marchingCubes.vcxproj", "{3D399CC1-8110-4216-B67C-CB516FB9F79F}"
EndProject
Project("{8BC9CEB8-8B4A-11D0-8D11-00A0C91BC942}") = "steeringBehaviors", "steeringBehaviors\steeringBehaviors.vcxproj", "{659E45A7-B368-4A8C-854E-3CCF02DCAE4E}"
EndProject
Project("{8BC9CEB8-8B4A-11D0-8D11-00A0C91BC942}") = "tetris", "tetris\tetris.vcxproj", "{FFC73827-BFE5-4C21-93FD-293B0094C7A4}"
EndProject
Project("{8BC9CEB8-8B4A-11D0-8D11-00A0C91BC942}") = "clothSim", "clothSim\clothSim.vcxproj", "{F511F275-6515-47C7-B69F-6F6E3B1FF8D1}"
EndProject
Project("{8BC9CEB8-8B4A-11D0-8D11-00A0C91BC942}") = "mandelbrotSet", "mandelbrotSet\mandelbrotSet.vcxproj", "{769A7644-3701-4A1D-A8E9-9B3B8E273E17}"
EndProject
Project("{8BC9CEB8-8B4A-11D0-8D11-00A0C91BC942}") = "juliaSet", "juliaSet\juliaSet.vcxproj", "{E00565E2-EDE5-423F-8CC3-B0D14283089E}"
EndProject
Project("{8BC9CEB8-8B4A-11D0-8D11-00A0C91BC942}") = "floydSteinbergDithering", "floydSteinbergDithering\floydSteinbergDithering.vcxproj", "{54E0EA61-AC84-4504-AF4F-83FDBF9F5B18}"
EndProject
Project("{8BC9CEB8-8B4A-11D0-8D11-00A0C91BC942}") = "raymarching3d", "raymarching3d\raymarching3d.vcxproj", "{4EE14CB9-4CF3-4B5B-9694-F7E19A90B79C}"
EndProject
Project("{8BC9CEB8-8B4A-11D0-8D11-00A0C91BC942}") = "cellularAutomata3d", "cellularAutomata3d\cellularAutomata3d.vcxproj", "{E0CAF8A1-BF53-4AA9-873E-8C2BE22D65E7}"
EndProject
Project("{8BC9CEB8-8B4A-11D0-8D11-00A0C91BC942}") = "delaunayTriangulation", "delaunayTriangulation\delaunayTriangulation.vcxproj", "{98FF540A-7D39-42AC-944A-5F6013DC79C7}"
EndProject
Project("{8BC9CEB8-8B4A-11D0-8D11-00A0C91BC942}") = "astar", "astar\astar.vcxproj", "{7D5F52A2-BE75-43EF-906C-2FBCF66DCC30}"
EndProject
Global
	GlobalSection(SolutionConfigurationPlatforms) = preSolution
		Debug|x64 = Debug|x64
		Debug|x86 = Debug|x86
		Release|x64 = Release|x64
		Release|x86 = Release|x86
	EndGlobalSection
	GlobalSection(ProjectConfigurationPlatforms) = postSolution
		{BF671126-3183-4804-874F-DAA7DB090CAB}.Debug|x64.ActiveCfg = Debug|x64
		{BF671126-3183-4804-874F-DAA7DB090CAB}.Debug|x64.Build.0 = Debug|x64
		{BF671126-3183-4804-874F-DAA7DB090CAB}.Debug|x86.ActiveCfg = Debug|Win32
		{BF671126-3183-4804-874F-DAA7DB090CAB}.Debug|x86.Build.0 = Debug|Win32
		{BF671126-3183-4804-874F-DAA7DB090CAB}.Release|x64.ActiveCfg = Release|x64
		{BF671126-3183-4804-874F-DAA7DB090CAB}.Release|x64.Build.0 = Release|x64
		{BF671126-3183-4804-874F-DAA7DB090CAB}.Release|x86.ActiveCfg = Release|Win32
		{BF671126-3183-4804-874F-DAA7DB090CAB}.Release|x86.Build.0 = Release|Win32
		{56AC86DA-EB11-4627-B512-B16F25DE50A6}.Debug|x64.ActiveCfg = Debug|x64
		{56AC86DA-EB11-4627-B512-B16F25DE50A6}.Debug|x64.Build.0 = Debug|x64
		{56AC86DA-EB11-4627-B512-B16F25DE50A6}.Debug|x86.ActiveCfg = Debug|Win32
		{56AC86DA-EB11-4627-B512-B16F25DE50A6}.Debug|x86.Build.0 = Debug|Win32
		{56AC86DA-EB11-4627-B512-B16F25DE50A6}.Release|x64.ActiveCfg = Release|x64
		{56AC86DA-EB11-4627-B512-B16F25DE50A6}.Release|x64.Build.0 = Release|x64
		{56AC86DA-EB11-4627-B512-B16F25DE50A6}.Release|x86.ActiveCfg = Release|Win32
		{56AC86DA-EB11-4627-B512-B16F25DE50A6}.Release|x86.Build.0 = Release|Win32
		{D10C049D-7A53-42ED-9E59-6D9B34B7CE71}.Debug|x64.ActiveCfg = Debug|x64
		{D10C049D-7A53-42ED-9E59-6D9B34B7CE71}.Debug|x64.Build.0 = Debug|x64
		{D10C049D-7A53-42ED-9E59-6D9B34B7CE71}.Debug|x86.ActiveCfg = Debug|Win32
		{D10C049D-7A53-42ED-9E59-6D9B34B7CE71}.Debug|x86.Build.0 = Debug|Win32
		{D10C049D-7A53-42ED-9E59-6D9B34B7CE71}.Release|x64.ActiveCfg = Release|x64
		{D10C049D-7A53-42ED-9E59-6D9B34B7CE71}.Release|x64.Build.0 = Release|x64
		{D10C049D-7A53-42ED-9E59-6D9B34B7CE71}.Release|x86.ActiveCfg = Release|Win32
		{D10C049D-7A53-42ED-9E59-6D9B34B7CE71}.Release|x86.Build.0 = Release|Win32
		{DF0330F6-14D7-4B03-AAEF-69EC6BCE836F}.Debug|x64.ActiveCfg = Debug|x64
		{DF0330F6-14D7-4B03-AAEF-69EC6BCE836F}.Debug|x64.Build.0 = Debug|x64
		{DF0330F6-14D7-4B03-AAEF-69EC6BCE836F}.Debug|x86.ActiveCfg = Debug|Win32
		{DF0330F6-14D7-4B03-AAEF-69EC6BCE836F}.Debug|x86.Build.0 = Debug|Win32
		{DF0330F6-14D7-4B03-AAEF-69EC6BCE836F}.Release|x64.ActiveCfg = Release|x64
		{DF0330F6-14D7-4B03-AAEF-69EC6BCE836F}.Release|x64.Build.0 = Release|x64
		{DF0330F6-14D7-4B03-AAEF-69EC6BCE836F}.Release|x86.ActiveCfg = Release|Win32
		{DF0330F6-14D7-4B03-AAEF-69EC6BCE836F}.Release|x86.Build.0 = Release|Win32
		{A0FD5036-D374-4E25-9922-3169B4528AC0}.Debug|x64.ActiveCfg = Debug|x64
		{A0FD5036-D374-4E25-9922-3169B4528AC0}.Debug|x64.Build.0 = Debug|x64
		{A0FD5036-D374-4E25-9922-3169B4528AC0}.Debug|x86.ActiveCfg = Debug|Win32
		{A0FD5036-D374-4E25-9922-3169B4528AC0}.Debug|x86.Build.0 = Debug|Win32
		{A0FD5036-D374-4E25-9922-3169B4528AC0}.Release|x64.ActiveCfg = Release|x64
		{A0FD5036-D374-4E25-9922-3169B4528AC0}.Release|x64.Build.0 = Release|x64
		{A0FD5036-D374-4E25-9922-3169B4528AC0}.Release|x86.ActiveCfg = Release|Win32
		{A0FD5036-D374-4E25-9922-3169B4528AC0}.Release|x86.Build.0 = Release|Win32
		{50396E20-8BBC-4C58-B2B4-03593D505607}.Debug|x64.ActiveCfg = Debug|x64
		{50396E20-8BBC-4C58-B2B4-03593D505607}.Debug|x64.Build.0 = Debug|x64
		{50396E20-8BBC-4C58-B2B4-03593D505607}.Debug|x86.ActiveCfg = Debug|Win32
		{50396E20-8BBC-4C58-B2B4-03593D505607}.Debug|x86.Build.0 = Debug|Win32
		{50396E20-8BBC-4C58-B2B4-03593D505607}.Release|x64.ActiveCfg = Release|x64
		{50396E20-8BBC-4C58-B2B4-03593D505607}.Release|x64.Build.0 = Release|x64
		{50396E20-8BBC-4C58-B2B4-03593D505607}.Release|x86.ActiveCfg = Release|Win32
		{50396E20-8BBC-4C58-B2B4-03593D505607}.Release|x86.Build.0 = Release|Win32
		{F825BC11-C424-421E-BC67-2A14E9185DE8}.Debug|x64.ActiveCfg = Debug|x64
		{F825BC11-C424-421E-BC67-2A14E9185DE8}.Debug|x64.Build.0 = Debug|x64
		{F825BC11-C424-421E-BC67-2A14E9185DE8}.Debug|x86.ActiveCfg = Debug|Win32
		{F825BC11-C424-421E-BC67-2A14E9185DE8}.Debug|x86.Build.0 = Debug|Win32
		{F825BC11-C424-421E-BC67-2A14E9185DE8}.Release|x64.ActiveCfg = Release|x64
		{F825BC11-C424-421E-BC67-2A14E9185DE8}.Release|x64.Build.0 = Release|x64
		{F825BC11-C424-421E-BC67-2A14E9185DE8}.Release|x86.ActiveCfg = Release|Win32
		{F825BC11-C424-421E-BC67-2A14E9185DE8}.Release|x86.Build.0 = Release|Win32
		{D5C9FC86-B555-4A55-935F-A0B692BCCDC2}.Debug|x64.ActiveCfg = Debug|x64
		{D5C9FC86-B555-4A55-935F-A0B692BCCDC2}.Debug|x64.Build.0 = Debug|x64
		{D5C9FC86-B555-4A55-935F-A0B692BCCDC2}.Debug|x86.ActiveCfg = Debug|Win32
		{D5C9FC86-B555-4A55-935F-A0B692BCCDC2}.Debug|x86.Build.0 = Debug|Win32
		{D5C9FC86-B555-4A55-935F-A0B692BCCDC2}.Release|x64.ActiveCfg = Release|x64
		{D5C9FC86-B555-4A55-935F-A0B692BCCDC2}.Release|x64.Build.0 = Release|x64
		{D5C9FC86-B555-4A55-935F-A0B692BCCDC2}.Release|x86.ActiveCfg = Release|Win32
		{D5C9FC86-B555-4A55-935F-A0B692BCCDC2}.Release|x86.Build.0 = Release|Win32
		{59FCCD68-EA2F-4B91-BC24-B5AF25C81131}.Debug|x64.ActiveCfg = Debug|x64
		{59FCCD68-EA2F-4B91-BC24-B5AF25C81131}.Debug|x64.Build.0 = Debug|x64
		{59FCCD68-EA2F-4B91-BC24-B5AF25C81131}.Debug|x86.ActiveCfg = Debug|Win32
		{59FCCD68-EA2F-4B91-BC24-B5AF25C81131}.Debug|x86.Build.0 = Debug|Win32
		{59FCCD68-EA2F-4B91-BC24-B5AF25C81131}.Release|x64.ActiveCfg = Release|x64
		{59FCCD68-EA2F-4B91-BC24-B5AF25C81131}.Release|x64.Build.0 = Release|x64
		{59FCCD68-EA2F-4B91-BC24-B5AF25C81131}.Release|x86.ActiveCfg = Release|Win32
		{59FCCD68-EA2F-4B91-BC24-B5AF25C81131}.Release|x86.Build.0 = Release|Win32
		{F63AE8C9-1F17-43B3-88B4-E93B1DAA6A2E}.Debug|x64.ActiveCfg = Debug|x64
		{F63AE8C9-1F17-43B3-88B4-E93B1DAA6A2E}.Debug|x64.Build.0 = Debug|x64
		{F63AE8C9-1F17-43B3-88B4-E93B1DAA6A2E}.Debug|x86.ActiveCfg = Debug|Win32
		{F63AE8C9-1F17-43B3-88B4-E93B1DAA6A2E}.Debug|x86.Build.0 = Debug|Win32
		{F63AE8C9-1F17-43B3-88B4-E93B1DAA6A2E}.Release|x64.ActiveCfg = Release|x64
		{F63AE8C9-1F17-43B3-88B4-E93B1DAA6A2E}.Release|x64.Build.0 = Release|x64
		{F63AE8C9-1F17-43B3-88B4-E93B1DAA6A2E}.Release|x86.ActiveCfg = Release|Win32
		{F63AE8C9-1F17-43B3-88B4-E93B1DAA6A2E}.Release|x86.Build.0 = Release|Win32
		{5D7AC257-9C01-428B-8BB6-C35F401127EB}.Debug|x64.ActiveCfg = Debug|x64
		{5D7AC257-9C01-428B-8BB6-C35F401127EB}.Debug|x64.Build.0 = Debug|x64
		{5D7AC257-9C01-428B-8BB6-C35F401127EB}.Debug|x86.ActiveCfg = Debug|Win32
		{5D7AC257-9C01-428B-8BB6-C35F401127EB}.Debug|x86.Build.0 = Debug|Win32
		{5D7AC257-9C01-428B-8BB6-C35F401127EB}.Release|x64.ActiveCfg = Release|x64
		{5D7AC257-9C01-428B-8BB6-C35F401127EB}.Release|x64.Build.0 = Release|x64
		{5D7AC257-9C01-428B-8BB6-C35F401127EB}.Release|x86.ActiveCfg = Release|Win32
		{5D7AC257-9C01-428B-8BB6-C35F401127EB}.Release|x86.Build.0 = Release|Win32
		{8F090473-9C4F-43FE-B8B5-29E94E20BCE6}.Debug|x64.ActiveCfg = Debug|x64
		{8F090473-9C4F-43FE-B8B5-29E94E20BCE6}.Debug|x64.Build.0 = Debug|x64
		{8F090473-9C4F-43FE-B8B5-29E94E20BCE6}.Debug|x86.ActiveCfg = Debug|Win32
		{8F090473-9C4F-43FE-B8B5-29E94E20BCE6}.Debug|x86.Build.0 = Debug|Win32
		{8F090473-9C4F-43FE-B8B5-29E94E20BCE6}.Release|x64.ActiveCfg = Release|x64
		{8F090473-9C4F-43FE-B8B5-29E94E20BCE6}.Release|x64.Build.0 = Release|x64
		{8F090473-9C4F-43FE-B8B5-29E94E20BCE6}.Release|x86.ActiveCfg = Release|Win32
		{8F090473-9C4F-43FE-B8B5-29E94E20BCE6}.Release|x86.Build.0 = Release|Win32
		{66F8A6FD-A94B-425C-B56C-C2973C6B7C06}.Debug|x64.ActiveCfg = Debug|x64
		{66F8A6FD-A94B-425C-B56C-C2973C6B7C06}.Debug|x64.Build.0 = Debug|x64
		{66F8A6FD-A94B-425C-B56C-C2973C6B7C06}.Debug|x86.ActiveCfg = Debug|Win32
		{66F8A6FD-A94B-425C-B56C-C2973C6B7C06}.Debug|x86.Build.0 = Debug|Win32
		{66F8A6FD-A94B-425C-B56C-C2973C6B7C06}.Release|x64.ActiveCfg = Release|x64
		{66F8A6FD-A94B-425C-B56C-C2973C6B7C06}.Release|x64.Build.0 = Release|x64
		{66F8A6FD-A94B-425C-B56C-C2973C6B7C06}.Release|x86.ActiveCfg = Release|Win32
		{66F8A6FD-A94B-425C-B56C-C2973C6B7C06}.Release|x86.Build.0 = Release|Win32
		{F88CD3B6-E139-4E8A-9CD9-28DEF5FFB7CA}.Debug|x64.ActiveCfg = Debug|x64
		{F88CD3B6-E139-4E8A-9CD9-28DEF5FFB7CA}.Debug|x64.Build.0 = Debug|x64
		{F88CD3B6-E139-4E8A-9CD9-28DEF5FFB7CA}.Debug|x86.ActiveCfg = Debug|Win32
		{F88CD3B6-E139-4E8A-9CD9-28DEF5FFB7CA}.Debug|x86.Build.0 = Debug|Win32
		{F88CD3B6-E139-4E8A-9CD9-28DEF5FFB7CA}.Release|x64.ActiveCfg = Release|x64
		{F88CD3B6-E139-4E8A-9CD9-28DEF5FFB7CA}.Release|x64.Build.0 = Release|x64
		{F88CD3B6-E139-4E8A-9CD9-28DEF5FFB7CA}.Release|x86.ActiveCfg = Release|Win32
		{F88CD3B6-E139-4E8A-9CD9-28DEF5FFB7CA}.Release|x86.Build.0 = Release|Win32
		{475A366A-F3D0-4672-BFE0-C8F3E985609D}.Debug|x64.ActiveCfg = Debug|x64
		{475A366A-F3D0-4672-BFE0-C8F3E985609D}.Debug|x64.Build.0 = Debug|x64
		{475A366A-F3D0-4672-BFE0-C8F3E985609D}.Debug|x86.ActiveCfg = Debug|Win32
		{475A366A-F3D0-4672-BFE0-C8F3E985609D}.Debug|x86.Build.0 = Debug|Win32
		{475A366A-F3D0-4672-BFE0-C8F3E985609D}.Release|x64.ActiveCfg = Release|x64
		{475A366A-F3D0-4672-BFE0-C8F3E985609D}.Release|x64.Build.0 = Release|x64
		{475A366A-F3D0-4672-BFE0-C8F3E985609D}.Release|x86.ActiveCfg = Release|Win32
		{475A366A-F3D0-4672-BFE0-C8F3E985609D}.Release|x86.Build.0 = Release|Win32
		{893A5C72-9326-4E42-A276-8B9C3D7A4A33}.Debug|x64.ActiveCfg = Debug|x64
		{893A5C72-9326-4E42-A276-8B9C3D7A4A33}.Debug|x64.Build.0 = Debug|x64
		{893A5C72-9326-4E42-A276-8B9C3D7A4A33}.Debug|x86.ActiveCfg = Debug|Win32
		{893A5C72-9326-4E42-A276-8B9C3D7A4A33}.Debug|x86.Build.0 = Debug|Win32
		{893A5C72-9326-4E42-A276-8B9C3D7A4A33}.Release|x64.ActiveCfg = Release|x64
		{893A5C72-9326-4E42-A276-8B9C3D7A4A33}.Release|x64.Build.0 = Release|x64
		{893A5C72-9326-4E42-A276-8B9C3D7A4A33}.Release|x86.ActiveCfg = Release|Win32
		{893A5C72-9326-4E42-A276-8B9C3D7A4A33}.Release|x86.Build.0 = Release|Win32
		{6AF9B4D0-1A27-4E9A-BE38-13B7392CECBA}.Debug|x64.ActiveCfg = Debug|x64
		{6AF9B4D0-1A27-4E9A-BE38-13B7392CECBA}.Debug|x64.Build.0 = Debug|x64
		{6AF9B4D0-1A27-4E9A-BE38-13B7392CECBA}.Debug|x86.ActiveCfg = Debug|Win32
		{6AF9B4D0-1A27-4E9A-BE38-13B7392CECBA}.Debug|x86.Build.0 = Debug|Win32
		{6AF9B4D0-1A27-4E9A-BE38-13B7392CECBA}.Release|x64.ActiveCfg = Release|x64
		{6AF9B4D0-1A27-4E9A-BE38-13B7392CECBA}.Release|x64.Build.0 = Release|x64
		{6AF9B4D0-1A27-4E9A-BE38-13B7392CECBA}.Release|x86.ActiveCfg = Release|Win32
		{6AF9B4D0-1A27-4E9A-BE38-13B7392CECBA}.Release|x86.Build.0 = Release|Win32
		{EF2561D7-C6A1-4C3C-9341-02AE2120E0DA}.Debug|x64.ActiveCfg = Debug|x64
		{EF2561D7-C6A1-4C3C-9341-02AE2120E0DA}.Debug|x64.Build.0 = Debug|x64
		{EF2561D7-C6A1-4C3C-9341-02AE2120E0DA}.Debug|x86.ActiveCfg = Debug|Win32
		{EF2561D7-C6A1-4C3C-9341-02AE2120E0DA}.Debug|x86.Build.0 = Debug|Win32
		{EF2561D7-C6A1-4C3C-9341-02AE2120E0DA}.Release|x64.ActiveCfg = Release|x64
		{EF2561D7-C6A1-4C3C-9341-02AE2120E0DA}.Release|x64.Build.0 = Release|x64
		{EF2561D7-C6A1-4C3C-9341-02AE2120E0DA}.Release|x86.ActiveCfg = Release|Win32
		{EF2561D7-C6A1-4C3C-9341-02AE2120E0DA}.Release|x86.Build.0 = Release|Win32
		{3D6A8EFC-4D9E-4EA6-999D-CA6BCB99C1F7}.Debug|x64.ActiveCfg = Debug|x64
		{3D6A8EFC-4D9E-4EA6-999D-CA6BCB99C1F7}.Debug|x64.Build.0 = Debug|x64
		{3D6A8EFC-4D9E-4EA6-999D-CA6BCB99C1F7}.Debug|x86.ActiveCfg = Debug|Win32
		{3D6A8EFC-4D9E-4EA6-999D-CA6BCB99C1F7}.Debug|x86.Build.0 = Debug|Win32
		{3D6A8EFC-4D9E-4EA6-999D-CA6BCB99C1F7}.Release|x64.ActiveCfg = Release|x64
		{3D6A8EFC-4D9E-4EA6-999D-CA6BCB99C1F7}.Release|x64.Build.0 = Release|x64
		{3D6A8EFC-4D9E-4EA6-999D-CA6BCB99C1F7}.Release|x86.ActiveCfg = Release|Win32
		{3D6A8EFC-4D9E-4EA6-999D-CA6BCB99C1F7}.Release|x86.Build.0 = Release|Win32
		{2DE84BA0-8614-4C46-9403-94EE024D46F4}.Debug|x64.ActiveCfg = Debug|x64
		{2DE84BA0-8614-4C46-9403-94EE024D46F4}.Debug|x64.Build.0 = Debug|x64
		{2DE84BA0-8614-4C46-9403-94EE024D46F4}.Debug|x86.ActiveCfg = Debug|Win32
		{2DE84BA0-8614-4C46-9403-94EE024D46F4}.Debug|x86.Build.0 = Debug|Win32
		{2DE84BA0-8614-4C46-9403-94EE024D46F4}.Release|x64.ActiveCfg = Release|x64
		{2DE84BA0-8614-4C46-9403-94EE024D46F4}.Release|x64.Build.0 = Release|x64
		{2DE84BA0-8614-4C46-9403-94EE024D46F4}.Release|x86.ActiveCfg = Release|Win32
		{2DE84BA0-8614-4C46-9403-94EE024D46F4}.Release|x86.Build.0 = Release|Win32
		{CD491779-2B98-4C49-A352-805B53B0E1D1}.Debug|x64.ActiveCfg = Debug|x64
		{CD491779-2B98-4C49-A352-805B53B0E1D1}.Debug|x64.Build.0 = Debug|x64
		{CD491779-2B98-4C49-A352-805B53B0E1D1}.Debug|x86.ActiveCfg = Debug|Win32
		{CD491779-2B98-4C49-A352-805B53B0E1D1}.Debug|x86.Build.0 = Debug|Win32
		{CD491779-2B98-4C49-A352-805B53B0E1D1}.Release|x64.ActiveCfg = Release|x64
		{CD491779-2B98-4C49-A352-805B53B0E1D1}.Release|x64.Build.0 = Release|x64
		{CD491779-2B98-4C49-A352-805B53B0E1D1}.Release|x86.ActiveCfg = Release|Win32
		{CD491779-2B98-4C49-A352-805B53B0E1D1}.Release|x86.Build.0 = Release|Win32
		{3D399CC1-8110-4216-B67C-CB516FB9F79F}.Debug|x64.ActiveCfg = Debug|x64
		{3D399CC1-8110-4216-B67C-CB516FB9F79F}.Debug|x64.Build.0 = Debug|x64
		{3D399CC1-8110-4216-B67C-CB516FB9F79F}.Debug|x86.ActiveCfg = Debug|Win32
		{3D399CC1-8110-4216-B67C-CB516FB9F79F}.Debug|x86.Build.0 = Debug|Win32
		{3D399CC1-8110-4216-B67C-CB516FB9F79F}.Release|x64.ActiveCfg = Release|x64
		{3D399CC1-8110-4216-B67C-CB516FB9F79F}.Release|x64.Build.0 = Release|x64
		{3D399CC1-8110-4216-B67C-CB516FB9F79F}.Release|x86.ActiveCfg = Release|Win32
		{3D399CC1-8110-4216-B67C-CB516FB9F79F}.Release|x86.Build.0 = Release|Win32
		{659E45A7-B368-4A8C-854E-3CCF02DCAE4E}.Debug|x64.ActiveCfg = Debug|x64
		{659E45A7-B368-4A8C-854E-3CCF02DCAE4E}.Debug|x64.Build.0 = Debug|x64
		{659E45A7-B368-4A8C-854E-3CCF02DCAE4E}.Debug|x86.ActiveCfg = Debug|Win32
		{659E45A7-B368-4A8C-854E-3CCF02DCAE4E}.Debug|x86.Build.0 = Debug|Win32
		{659E45A7-B368-4A8C-854E-3CCF02DCAE4E}.Release|x64.ActiveCfg = Release|x64
		{659E45A7-B368-4A8C-854E-3CCF02DCAE4E}.Release|x64.Build.0 = Release|x64
		{659E45A7-B368-4A8C-854E-3CCF02DCAE4E}.Release|x86.ActiveCfg = Release|Win32
		{659E45A7-B368-4A8C-854E-3CCF02DCAE4E}.Release|x86.Build.0 = Release|Win32
		{FFC73827-BFE5-4C21-93FD-293B0094C7A4}.Debug|x64.ActiveCfg = Debug|x64
		{FFC73827-BFE5-4C21-93FD-293B0094C7A4}.Debug|x64.Build.0 = Debug|x64
		{FFC73827-BFE5-4C21-93FD-293B0094C7A4}.Debug|x86.ActiveCfg = Debug|Win32
		{FFC73827-BFE5-4C21-93FD-293B0094C7A4}.Debug|x86.Build.0 = Debug|Win32
		{FFC73827-BFE5-4C21-93FD-293B0094C7A4}.Release|x64.ActiveCfg = Release|x64
		{FFC73827-BFE5-4C21-93FD-293B0094C7A4}.Release|x64.Build.0 = Release|x64
		{FFC73827-BFE5-4C21-93FD-293B0094C7A4}.Release|x86.ActiveCfg = Release|Win32
		{FFC73827-BFE5-4C21-93FD-293B0094C7A4}.Release|x86.Build.0 = Release|Win32
		{F511F275-6515-47C7-B69F-6F6E3B1FF8D1}.Debug|x64.ActiveCfg = Debug|x64
		{F511F275-6515-47C7-B69F-6F6E3B1FF8D1}.Debug|x64.Build.0 = Debug|x64
		{F511F275-6515-47C7-B69F-6F6E3B1FF8D1}.Debug|x86.ActiveCfg = Debug|Win32
		{F511F275-6515-47C7-B69F-6F6E3B1FF8D1}.Debug|x86.Build.0 = Debug|Win32
		{F511F275-6515-47C7-B69F-6F6E3B1FF8D1}.Release|x64.ActiveCfg = Release|x64
		{F511F275-6515-47C7-B69F-6F6E3B1FF8D1}.Release|x64.Build.0 = Release|x64
		{F511F275-6515-47C7-B69F-6F6E3B1FF8D1}.Release|x86.ActiveCfg = Release|Win32
		{F511F275-6515-47C7-B69F-6F6E3B1FF8D1}.Release|x86.Build.0 = Release|Win32
		{769A7644-3701-4A1D-A8E9-9B3B8E273E17}.Debug|x64.ActiveCfg = Debug|x64
		{769A7644-3701-4A1D-A8E9-9B3B8E273E17}.Debug|x64.Build.0 = Debug|x64
		{769A7644-3701-4A1D-A8E9-9B3B8E273E17}.Debug|x86.ActiveCfg = Debug|Win32
		{769A7644-3701-4A1D-A8E9-9B3B8E273E17}.Debug|x86.Build.0 = Debug|Win32
		{769A7644-3701-4A1D-A8E9-9B3B8E273E17}.Release|x64.ActiveCfg = Release|x64
		{769A7644-3701-4A1D-A8E9-9B3B8E273E17}.Release|x64.Build.0 = Release|x64
		{769A7644-3701-4A1D-A8E9-9B3B8E273E17}.Release|x86.ActiveCfg = Release|Win32
		{769A7644-3701-4A1D-A8E9-9B3B8E273E17}.Release|x86.Build.0 = Release|Win32
		{E00565E2-EDE5-423F-8CC3-B0D14283089E}.Debug|x64.ActiveCfg = Debug|x64
		{E00565E2-EDE5-423F-8CC3-B0D14283089E}.Debug|x64.Build.0 = Debug|x64
		{E00565E2-EDE5-423F-8CC3-B0D14283089E}.Debug|x86.ActiveCfg = Debug|Win32
		{E00565E2-EDE5-423F-8CC3-B0D14283089E}.Debug|x86.Build.0 = Debug|Win32
		{E00565E2-EDE5-423F-8CC3-B0D14283089E}.Release|x64.ActiveCfg = Release|x64
		{E00565E2-EDE5-423F-8CC3-B0D14283089E}.Release|x64.Build.0 = Release|x64
		{E00565E2-EDE5-423F-8CC3-B0D14283089E}.Release|x86.ActiveCfg = Release|Win32
		{E00565E2-EDE5-423F-8CC3-B0D14283089E}.Release|x86.Build.0 = Release|Win32
		{54E0EA61-AC84-4504-AF4F-83FDBF9F5B18}.Debug|x64.ActiveCfg = Debug|x64
		{54E0EA61-AC84-4504-AF4F-83FDBF9F5B18}.Debug|x64.Build.0 = Debug|x64
		{54E0EA61-AC84-4504-AF4F-83FDBF9F5B18}.Debug|x86.ActiveCfg = Debug|Win32
		{54E0EA61-AC84-4504-AF4F-83FDBF9F5B18}.Debug|x86.Build.0 = Debug|Win32
		{54E0EA61-AC84-4504-AF4F-83FDBF9F5B18}.Release|x64.ActiveCfg = Release|x64
		{54E0EA61-AC84-4504-AF4F-83FDBF9F5B18}.Release|x64.Build.0 = Release|x64
		{54E0EA61-AC84-4504-AF4F-83FDBF9F5B18}.Release|x86.ActiveCfg = Release|Win32
		{54E0EA61-AC84-4504-AF4F-83FDBF9F5B18}.Release|x86.Build.0 = Release|Win32
		{4EE14CB9-4CF3-4B5B-9694-F7E19A90B79C}.Debug|x64.ActiveCfg = Debug|x64
		{4EE14CB9-4CF3-4B5B-9694-F7E19A90B79C}.Debug|x64.Build.0 = Debug|x64
		{4EE14CB9-4CF3-4B5B-9694-F7E19A90B79C}.Debug|x86.ActiveCfg = Debug|Win32
		{4EE14CB9-4CF3-4B5B-9694-F7E19A90B79C}.Debug|x86.Build.0 = Debug|Win32
		{4EE14CB9-4CF3-4B5B-9694-F7E19A90B79C}.Release|x64.ActiveCfg = Release|x64
		{4EE14CB9-4CF3-4B5B-9694-F7E19A90B79C}.Release|x64.Build.0 = Release|x64
		{4EE14CB9-4CF3-4B5B-9694-F7E19A90B79C}.Release|x86.ActiveCfg = Release|Win32
		{4EE14CB9-4CF3-4B5B-9694-F7E19A90B79C}.Release|x86.Build.0 = Release|Win32
		{E0CAF8A1-BF53-4AA9-873E-8C2BE22D65E7}.Debug|x64.ActiveCfg = Debug|x64
		{E0CAF8A1-BF53-4AA9-873E-8C2BE22D65E7}.Debug|x64.Build.0 = Debug|x64
		{E0CAF8A1-BF53-4AA9-873E-8C2BE22D65E7}.Debug|x86.ActiveCfg = Debug|Win32
		{E0CAF8A1-BF53-4AA9-873E-8C2BE22D65E7}.Debug|x86.Build.0 = Debug|Win32
		{E0CAF8A1-BF53-4AA9-873E-8C2BE22D65E7}.Release|x64.ActiveCfg = Release|x64
		{E0CAF8A1-BF53-4AA9-873E-8C2BE22D65E7}.Release|x64.Build.0 = Release|x64
		{E0CAF8A1-BF53-4AA9-873E-8C2BE22D65E7}.Release|x86.ActiveCfg = Release|Win32
		{E0CAF8A1-BF53-4AA9-873E-8C2BE22D65E7}.Release|x86.Build.0 = Release|Win32
		{98FF540A-7D39-42AC-944A-5F6013DC79C7}.Debug|x64.ActiveCfg = Debug|x64
		{98FF540A-7D39-42AC-944A-5F6013DC79C7}.Debug|x64.Build.0 = Debug|x64
		{98FF540A-7D39-42AC-944A-5F6013DC79C7}.Debug|x86.ActiveCfg = Debug|Win32
		{98FF540A-7D39-42AC-944A-5F6013DC79C7}.Debug|x86.Build.0 = Debug|Win32
		{98FF540A-7D39-42AC-944A-5F6013DC79C7}.Release|x64.ActiveCfg = Release|x64
		{98FF540A-7D39-42AC-944A-5F6013DC79C7}.Release|x64.Build.0 = Release|x64
		{98FF540A-7D39-42AC-944A-5F6013DC79C7}.Release|x86.ActiveCfg = Release|Win32
		{98FF540A-7D39-42AC-944A-5F6013DC79C7}.Release|x86.Build.0 = Release|Win32
		{7D5F52A2-BE75-43EF-906C-2FBCF66DCC30}.Debug|x64.ActiveCfg = Debug|x64
		{7D5F52A2-BE75-43EF-906C-2FBCF66DCC30}.Debug|x64.Build.0 = Debug|x64
		{7D5F52A2-BE75-43EF-906C-2FBCF66DCC30}.Debug|x86.ActiveCfg = Debug|Win32
		{7D5F52A2-BE75-43EF-906C-2FBCF66DCC30}.Debug|x86.Build.0 = Debug|Win32
		{7D5F52A2-BE75-43EF-906C-2FBCF66DCC30}.Release|x64.ActiveCfg = Release|x64
		{7D5F52A2-BE75-43EF-906C-2FBCF66DCC30}.Release|x64.Build.0 = Release|x64
		{7D5F52A2-BE75-43EF-906C-2FBCF66DCC30}.Release|x86.ActiveCfg = Release|Win32
		{7D5F52A2-BE75-43EF-906C-2FBCF66DCC30}.Release|x86.Build.0 = Release|Win32
	EndGlobalSection
	GlobalSection(SolutionProperties) = preSolution
		HideSolutionNode = FALSE
	EndGlobalSection
	GlobalSection(ExtensibilityGlobals) = postSolution
		SolutionGuid = {B040E6CC-12EA-4311-A94E-2ADA62DA2BF2}
	EndGlobalSection
EndGlobal
